// !$*UTF8*$!
{
	archiveVersion = 1;
	classes = {
	};
	objectVersion = 50;
	objects = {

/* Begin PBXBuildFile section */
		06206607EDB6BDE03DEB9347 /* Pods_busyjeopardy.framework in Frameworks */ = {isa = PBXBuildFile; fileRef = A451A6DF8D2B28191AC3316F /* Pods_busyjeopardy.framework */; };
		648319A72093C91C001A2855 /* JeopardyQuestions.swift in Sources */ = {isa = PBXBuildFile; fileRef = 648319A62093C91C001A2855 /* JeopardyQuestions.swift */; };
		648319AD2094BE0B001A2855 /* falcon.jpg in Resources */ = {isa = PBXBuildFile; fileRef = 648319AC2094BE0B001A2855 /* falcon.jpg */; };
		648319B32094C004001A2855 /* atat.jpg in Resources */ = {isa = PBXBuildFile; fileRef = 648319AE2094C003001A2855 /* atat.jpg */; };
		648319B42094C004001A2855 /* tie.jpg in Resources */ = {isa = PBXBuildFile; fileRef = 648319AF2094C003001A2855 /* tie.jpg */; };
		648319B52094C004001A2855 /* xwing.jpg in Resources */ = {isa = PBXBuildFile; fileRef = 648319B02094C003001A2855 /* xwing.jpg */; };
		648319B62094C004001A2855 /* atst.jpg in Resources */ = {isa = PBXBuildFile; fileRef = 648319B12094C003001A2855 /* atst.jpg */; };
		648319B72094C004001A2855 /* landspeeder.jpg in Resources */ = {isa = PBXBuildFile; fileRef = 648319B22094C004001A2855 /* landspeeder.jpg */; };
		648319B92094DD57001A2855 /* Colors.swift in Sources */ = {isa = PBXBuildFile; fileRef = 648319B82094DD57001A2855 /* Colors.swift */; };
		648319BC20955099001A2855 /* 1.mp4 in Resources */ = {isa = PBXBuildFile; fileRef = 648319BB20955099001A2855 /* 1.mp4 */; };
		648319C22096295F001A2855 /* 2.mp4 in Resources */ = {isa = PBXBuildFile; fileRef = 648319BD2096295F001A2855 /* 2.mp4 */; };
		648319C32096295F001A2855 /* 5.mp4 in Resources */ = {isa = PBXBuildFile; fileRef = 648319BE2096295F001A2855 /* 5.mp4 */; };
		648319C42096295F001A2855 /* 6.mp4 in Resources */ = {isa = PBXBuildFile; fileRef = 648319BF2096295F001A2855 /* 6.mp4 */; };
		648319C52096295F001A2855 /* 3.mp4 in Resources */ = {isa = PBXBuildFile; fileRef = 648319C02096295F001A2855 /* 3.mp4 */; };
		648319C62096295F001A2855 /* 4.mp4 in Resources */ = {isa = PBXBuildFile; fileRef = 648319C12096295F001A2855 /* 4.mp4 */; };
		649738FE20937FA300B297B1 /* AppDelegate.swift in Sources */ = {isa = PBXBuildFile; fileRef = 649738FD20937FA300B297B1 /* AppDelegate.swift */; };
		6497390020937FA300B297B1 /* ViewController.swift in Sources */ = {isa = PBXBuildFile; fileRef = 649738FF20937FA300B297B1 /* ViewController.swift */; };
		6497390320937FA300B297B1 /* Main.storyboard in Resources */ = {isa = PBXBuildFile; fileRef = 6497390120937FA300B297B1 /* Main.storyboard */; };
		6497390620937FA300B297B1 /* busyjeopardy.xcdatamodeld in Sources */ = {isa = PBXBuildFile; fileRef = 6497390420937FA300B297B1 /* busyjeopardy.xcdatamodeld */; };
		6497390820937FA400B297B1 /* Assets.xcassets in Resources */ = {isa = PBXBuildFile; fileRef = 6497390720937FA400B297B1 /* Assets.xcassets */; };
		6497390B20937FA400B297B1 /* LaunchScreen.storyboard in Resources */ = {isa = PBXBuildFile; fileRef = 6497390920937FA400B297B1 /* LaunchScreen.storyboard */; };
		649739152093829B00B297B1 /* ScoreBoardView.swift in Sources */ = {isa = PBXBuildFile; fileRef = 649739142093829B00B297B1 /* ScoreBoardView.swift */; };
		7802C76F2096529B00C917C0 /* GoogleService-Info.plist in Resources */ = {isa = PBXBuildFile; fileRef = 7802C76E2096529B00C917C0 /* GoogleService-Info.plist */; };
		7802C7792096687D00C917C0 /* FirebaseDB.swift in Sources */ = {isa = PBXBuildFile; fileRef = 7802C7772096687D00C917C0 /* FirebaseDB.swift */; };
		7802C77A2096687D00C917C0 /* FirebaseAuth.swift in Sources */ = {isa = PBXBuildFile; fileRef = 7802C7782096687D00C917C0 /* FirebaseAuth.swift */; };
/* End PBXBuildFile section */

/* Begin PBXFileReference section */
		0E760C4692EB82B1D0BB4C7E /* Pods-busyjeopardy.release.xcconfig */ = {isa = PBXFileReference; includeInIndex = 1; lastKnownFileType = text.xcconfig; name = "Pods-busyjeopardy.release.xcconfig"; path = "Pods/Target Support Files/Pods-busyjeopardy/Pods-busyjeopardy.release.xcconfig"; sourceTree = "<group>"; };
		648319A62093C91C001A2855 /* JeopardyQuestions.swift */ = {isa = PBXFileReference; lastKnownFileType = sourcecode.swift; path = JeopardyQuestions.swift; sourceTree = "<group>"; };
		648319AC2094BE0B001A2855 /* falcon.jpg */ = {isa = PBXFileReference; lastKnownFileType = image.jpeg; path = falcon.jpg; sourceTree = "<group>"; };
		648319AE2094C003001A2855 /* atat.jpg */ = {isa = PBXFileReference; lastKnownFileType = image.jpeg; path = atat.jpg; sourceTree = "<group>"; };
		648319AF2094C003001A2855 /* tie.jpg */ = {isa = PBXFileReference; lastKnownFileType = image.jpeg; path = tie.jpg; sourceTree = "<group>"; };
		648319B02094C003001A2855 /* xwing.jpg */ = {isa = PBXFileReference; lastKnownFileType = image.jpeg; path = xwing.jpg; sourceTree = "<group>"; };
		648319B12094C003001A2855 /* atst.jpg */ = {isa = PBXFileReference; lastKnownFileType = image.jpeg; path = atst.jpg; sourceTree = "<group>"; };
		648319B22094C004001A2855 /* landspeeder.jpg */ = {isa = PBXFileReference; lastKnownFileType = image.jpeg; path = landspeeder.jpg; sourceTree = "<group>"; };
		648319B82094DD57001A2855 /* Colors.swift */ = {isa = PBXFileReference; lastKnownFileType = sourcecode.swift; path = Colors.swift; sourceTree = "<group>"; };
		648319BB20955099001A2855 /* 1.mp4 */ = {isa = PBXFileReference; lastKnownFileType = file; path = 1.mp4; sourceTree = "<group>"; };
		648319BD2096295F001A2855 /* 2.mp4 */ = {isa = PBXFileReference; lastKnownFileType = file; path = 2.mp4; sourceTree = "<group>"; };
		648319BE2096295F001A2855 /* 5.mp4 */ = {isa = PBXFileReference; lastKnownFileType = file; path = 5.mp4; sourceTree = "<group>"; };
		648319BF2096295F001A2855 /* 6.mp4 */ = {isa = PBXFileReference; lastKnownFileType = file; path = 6.mp4; sourceTree = "<group>"; };
		648319C02096295F001A2855 /* 3.mp4 */ = {isa = PBXFileReference; lastKnownFileType = file; path = 3.mp4; sourceTree = "<group>"; };
		648319C12096295F001A2855 /* 4.mp4 */ = {isa = PBXFileReference; lastKnownFileType = file; path = 4.mp4; sourceTree = "<group>"; };
		649738FA20937FA300B297B1 /* busyjeopardy.app */ = {isa = PBXFileReference; explicitFileType = wrapper.application; includeInIndex = 0; path = busyjeopardy.app; sourceTree = BUILT_PRODUCTS_DIR; };
		649738FD20937FA300B297B1 /* AppDelegate.swift */ = {isa = PBXFileReference; lastKnownFileType = sourcecode.swift; path = AppDelegate.swift; sourceTree = "<group>"; };
		649738FF20937FA300B297B1 /* ViewController.swift */ = {isa = PBXFileReference; lastKnownFileType = sourcecode.swift; path = ViewController.swift; sourceTree = "<group>"; };
		6497390220937FA300B297B1 /* Base */ = {isa = PBXFileReference; lastKnownFileType = file.storyboard; name = Base; path = Base.lproj/Main.storyboard; sourceTree = "<group>"; };
		6497390520937FA300B297B1 /* busyjeopardy.xcdatamodel */ = {isa = PBXFileReference; lastKnownFileType = wrapper.xcdatamodel; path = busyjeopardy.xcdatamodel; sourceTree = "<group>"; };
		6497390720937FA400B297B1 /* Assets.xcassets */ = {isa = PBXFileReference; lastKnownFileType = folder.assetcatalog; path = Assets.xcassets; sourceTree = "<group>"; };
		6497390A20937FA400B297B1 /* Base */ = {isa = PBXFileReference; lastKnownFileType = file.storyboard; name = Base; path = Base.lproj/LaunchScreen.storyboard; sourceTree = "<group>"; };
		6497390C20937FA400B297B1 /* Info.plist */ = {isa = PBXFileReference; lastKnownFileType = text.plist.xml; path = Info.plist; sourceTree = "<group>"; };
		649739142093829B00B297B1 /* ScoreBoardView.swift */ = {isa = PBXFileReference; lastKnownFileType = sourcecode.swift; path = ScoreBoardView.swift; sourceTree = "<group>"; };
		7802C76E2096529B00C917C0 /* GoogleService-Info.plist */ = {isa = PBXFileReference; fileEncoding = 4; lastKnownFileType = text.plist.xml; path = "GoogleService-Info.plist"; sourceTree = "<group>"; };
		7802C7772096687D00C917C0 /* FirebaseDB.swift */ = {isa = PBXFileReference; fileEncoding = 4; lastKnownFileType = sourcecode.swift; path = FirebaseDB.swift; sourceTree = "<group>"; };
		7802C7782096687D00C917C0 /* FirebaseAuth.swift */ = {isa = PBXFileReference; fileEncoding = 4; lastKnownFileType = sourcecode.swift; path = FirebaseAuth.swift; sourceTree = "<group>"; };
		7AEF965FD6298FFB1D30B412 /* Pods-busyjeopardy.debug.xcconfig */ = {isa = PBXFileReference; includeInIndex = 1; lastKnownFileType = text.xcconfig; name = "Pods-busyjeopardy.debug.xcconfig"; path = "Pods/Target Support Files/Pods-busyjeopardy/Pods-busyjeopardy.debug.xcconfig"; sourceTree = "<group>"; };
		A451A6DF8D2B28191AC3316F /* Pods_busyjeopardy.framework */ = {isa = PBXFileReference; explicitFileType = wrapper.framework; includeInIndex = 0; path = Pods_busyjeopardy.framework; sourceTree = BUILT_PRODUCTS_DIR; };
/* End PBXFileReference section */

/* Begin PBXFrameworksBuildPhase section */
		649738F720937FA300B297B1 /* Frameworks */ = {
			isa = PBXFrameworksBuildPhase;
			buildActionMask = 2147483647;
			files = (
				06206607EDB6BDE03DEB9347 /* Pods_busyjeopardy.framework in Frameworks */,
			);
			runOnlyForDeploymentPostprocessing = 0;
		};
/* End PBXFrameworksBuildPhase section */

/* Begin PBXGroup section */
		51794C6477AAF53ACFD43E69 /* Pods */ = {
			isa = PBXGroup;
			children = (
				7AEF965FD6298FFB1D30B412 /* Pods-busyjeopardy.debug.xcconfig */,
				0E760C4692EB82B1D0BB4C7E /* Pods-busyjeopardy.release.xcconfig */,
			);
			name = Pods;
			sourceTree = "<group>";
		};
		648319AB2094BE0B001A2855 /* Images */ = {
			isa = PBXGroup;
			children = (
				648319AE2094C003001A2855 /* atat.jpg */,
				648319B12094C003001A2855 /* atst.jpg */,
				648319B22094C004001A2855 /* landspeeder.jpg */,
				648319AF2094C003001A2855 /* tie.jpg */,
				648319B02094C003001A2855 /* xwing.jpg */,
				648319AC2094BE0B001A2855 /* falcon.jpg */,
			);
			path = Images;
			sourceTree = "<group>";
		};
		648319BA20955099001A2855 /* Videos */ = {
			isa = PBXGroup;
			children = (
				648319BD2096295F001A2855 /* 2.mp4 */,
				648319C02096295F001A2855 /* 3.mp4 */,
				648319C12096295F001A2855 /* 4.mp4 */,
				648319BE2096295F001A2855 /* 5.mp4 */,
				648319BF2096295F001A2855 /* 6.mp4 */,
				648319BB20955099001A2855 /* 1.mp4 */,
			);
			path = Videos;
			sourceTree = "<group>";
		};
		649738F120937FA200B297B1 = {
			isa = PBXGroup;
			children = (
				649738FC20937FA300B297B1 /* busyjeopardy */,
				649738FB20937FA300B297B1 /* Products */,
				51794C6477AAF53ACFD43E69 /* Pods */,
				EED15C21DF8E1434B9CD3497 /* Frameworks */,
			);
			sourceTree = "<group>";
		};
		649738FB20937FA300B297B1 /* Products */ = {
			isa = PBXGroup;
			children = (
				649738FA20937FA300B297B1 /* busyjeopardy.app */,
			);
			name = Products;
			sourceTree = "<group>";
		};
		649738FC20937FA300B297B1 /* busyjeopardy */ = {
			isa = PBXGroup;
			children = (
				648319BA20955099001A2855 /* Videos */,
				648319AB2094BE0B001A2855 /* Images */,
				649738FD20937FA300B297B1 /* AppDelegate.swift */,
				649738FF20937FA300B297B1 /* ViewController.swift */,
				7802C7762096687000C917C0 /* API */,
				648319A62093C91C001A2855 /* JeopardyQuestions.swift */,
				649739142093829B00B297B1 /* ScoreBoardView.swift */,
				6497390120937FA300B297B1 /* Main.storyboard */,
				6497390720937FA400B297B1 /* Assets.xcassets */,
				6497390920937FA400B297B1 /* LaunchScreen.storyboard */,
				6497390C20937FA400B297B1 /* Info.plist */,
				7802C76E2096529B00C917C0 /* GoogleService-Info.plist */,
				6497390420937FA300B297B1 /* busyjeopardy.xcdatamodeld */,
				648319B82094DD57001A2855 /* Colors.swift */,
			);
			path = busyjeopardy;
			sourceTree = "<group>";
		};
		7802C7762096687000C917C0 /* API */ = {
			isa = PBXGroup;
			children = (
				7802C7782096687D00C917C0 /* FirebaseAuth.swift */,
				7802C7772096687D00C917C0 /* FirebaseDB.swift */,
			);
			path = API;
			sourceTree = "<group>";
		};
		EED15C21DF8E1434B9CD3497 /* Frameworks */ = {
			isa = PBXGroup;
			children = (
				A451A6DF8D2B28191AC3316F /* Pods_busyjeopardy.framework */,
			);
			name = Frameworks;
			sourceTree = "<group>";
		};
/* End PBXGroup section */

/* Begin PBXNativeTarget section */
		649738F920937FA300B297B1 /* busyjeopardy */ = {
			isa = PBXNativeTarget;
			buildConfigurationList = 6497390F20937FA400B297B1 /* Build configuration list for PBXNativeTarget "busyjeopardy" */;
			buildPhases = (
				DA5160DDF60963A0A3769732 /* [CP] Check Pods Manifest.lock */,
				649738F620937FA300B297B1 /* Sources */,
				649738F720937FA300B297B1 /* Frameworks */,
				649738F820937FA300B297B1 /* Resources */,
				21E75B2B7C9F67885DEA81A8 /* [CP] Embed Pods Frameworks */,
			);
			buildRules = (
			);
			dependencies = (
			);
			name = busyjeopardy;
			productName = busyjeopardy;
			productReference = 649738FA20937FA300B297B1 /* busyjeopardy.app */;
			productType = "com.apple.product-type.application";
		};
/* End PBXNativeTarget section */

/* Begin PBXProject section */
		649738F220937FA200B297B1 /* Project object */ = {
			isa = PBXProject;
			attributes = {
				LastSwiftUpdateCheck = 0930;
				LastUpgradeCheck = 0930;
				ORGANIZATIONNAME = busybusy;
				TargetAttributes = {
					649738F920937FA300B297B1 = {
						CreatedOnToolsVersion = 9.3;
					};
				};
			};
			buildConfigurationList = 649738F520937FA200B297B1 /* Build configuration list for PBXProject "busyjeopardy" */;
			compatibilityVersion = "Xcode 9.3";
			developmentRegion = en;
			hasScannedForEncodings = 0;
			knownRegions = (
				en,
				Base,
			);
			mainGroup = 649738F120937FA200B297B1;
			productRefGroup = 649738FB20937FA300B297B1 /* Products */;
			projectDirPath = "";
			projectRoot = "";
			targets = (
				649738F920937FA300B297B1 /* busyjeopardy */,
			);
		};
/* End PBXProject section */

/* Begin PBXResourcesBuildPhase section */
		649738F820937FA300B297B1 /* Resources */ = {
			isa = PBXResourcesBuildPhase;
			buildActionMask = 2147483647;
			files = (
				648319C22096295F001A2855 /* 2.mp4 in Resources */,
				648319B42094C004001A2855 /* tie.jpg in Resources */,
				648319B72094C004001A2855 /* landspeeder.jpg in Resources */,
				648319C42096295F001A2855 /* 6.mp4 in Resources */,
				648319AD2094BE0B001A2855 /* falcon.jpg in Resources */,
				648319B32094C004001A2855 /* atat.jpg in Resources */,
				648319C62096295F001A2855 /* 4.mp4 in Resources */,
				648319B62094C004001A2855 /* atst.jpg in Resources */,
				6497390B20937FA400B297B1 /* LaunchScreen.storyboard in Resources */,
				7802C76F2096529B00C917C0 /* GoogleService-Info.plist in Resources */,
				6497390820937FA400B297B1 /* Assets.xcassets in Resources */,
				648319BC20955099001A2855 /* 1.mp4 in Resources */,
				648319C32096295F001A2855 /* 5.mp4 in Resources */,
				6497390320937FA300B297B1 /* Main.storyboard in Resources */,
				648319B52094C004001A2855 /* xwing.jpg in Resources */,
				648319C52096295F001A2855 /* 3.mp4 in Resources */,
			);
			runOnlyForDeploymentPostprocessing = 0;
		};
/* End PBXResourcesBuildPhase section */

/* Begin PBXShellScriptBuildPhase section */
		21E75B2B7C9F67885DEA81A8 /* [CP] Embed Pods Frameworks */ = {
			isa = PBXShellScriptBuildPhase;
			buildActionMask = 2147483647;
			files = (
			);
			inputPaths = (
				"${SRCROOT}/Pods/Target Support Files/Pods-busyjeopardy/Pods-busyjeopardy-frameworks.sh",
				"${BUILT_PRODUCTS_DIR}/GTMSessionFetcher/GTMSessionFetcher.framework",
				"${BUILT_PRODUCTS_DIR}/GoogleToolboxForMac/GoogleToolboxForMac.framework",
				"${BUILT_PRODUCTS_DIR}/leveldb-library/leveldb.framework",
				"${BUILT_PRODUCTS_DIR}/nanopb/nanopb.framework",
			);
			name = "[CP] Embed Pods Frameworks";
			outputPaths = (
				"${TARGET_BUILD_DIR}/${FRAMEWORKS_FOLDER_PATH}/GTMSessionFetcher.framework",
				"${TARGET_BUILD_DIR}/${FRAMEWORKS_FOLDER_PATH}/GoogleToolboxForMac.framework",
				"${TARGET_BUILD_DIR}/${FRAMEWORKS_FOLDER_PATH}/leveldb.framework",
				"${TARGET_BUILD_DIR}/${FRAMEWORKS_FOLDER_PATH}/nanopb.framework",
			);
			runOnlyForDeploymentPostprocessing = 0;
			shellPath = /bin/sh;
			shellScript = "\"${SRCROOT}/Pods/Target Support Files/Pods-busyjeopardy/Pods-busyjeopardy-frameworks.sh\"\n";
			showEnvVarsInLog = 0;
		};
		DA5160DDF60963A0A3769732 /* [CP] Check Pods Manifest.lock */ = {
			isa = PBXShellScriptBuildPhase;
			buildActionMask = 2147483647;
			files = (
			);
			inputPaths = (
				"${PODS_PODFILE_DIR_PATH}/Podfile.lock",
				"${PODS_ROOT}/Manifest.lock",
			);
			name = "[CP] Check Pods Manifest.lock";
			outputPaths = (
				"$(DERIVED_FILE_DIR)/Pods-busyjeopardy-checkManifestLockResult.txt",
			);
			runOnlyForDeploymentPostprocessing = 0;
			shellPath = /bin/sh;
			shellScript = "diff \"${PODS_PODFILE_DIR_PATH}/Podfile.lock\" \"${PODS_ROOT}/Manifest.lock\" > /dev/null\nif [ $? != 0 ] ; then\n    # print error to STDERR\n    echo \"error: The sandbox is not in sync with the Podfile.lock. Run 'pod install' or update your CocoaPods installation.\" >&2\n    exit 1\nfi\n# This output is used by Xcode 'outputs' to avoid re-running this script phase.\necho \"SUCCESS\" > \"${SCRIPT_OUTPUT_FILE_0}\"\n";
			showEnvVarsInLog = 0;
		};
/* End PBXShellScriptBuildPhase section */

/* Begin PBXSourcesBuildPhase section */
		649738F620937FA300B297B1 /* Sources */ = {
			isa = PBXSourcesBuildPhase;
			buildActionMask = 2147483647;
			files = (
				7802C77A2096687D00C917C0 /* FirebaseAuth.swift in Sources */,
				6497390020937FA300B297B1 /* ViewController.swift in Sources */,
				648319B92094DD57001A2855 /* Colors.swift in Sources */,
				649738FE20937FA300B297B1 /* AppDelegate.swift in Sources */,
				649739152093829B00B297B1 /* ScoreBoardView.swift in Sources */,
				6497390620937FA300B297B1 /* busyjeopardy.xcdatamodeld in Sources */,
				648319A72093C91C001A2855 /* JeopardyQuestions.swift in Sources */,
				7802C7792096687D00C917C0 /* FirebaseDB.swift in Sources */,
			);
			runOnlyForDeploymentPostprocessing = 0;
		};
/* End PBXSourcesBuildPhase section */

/* Begin PBXVariantGroup section */
		6497390120937FA300B297B1 /* Main.storyboard */ = {
			isa = PBXVariantGroup;
			children = (
				6497390220937FA300B297B1 /* Base */,
			);
			name = Main.storyboard;
			sourceTree = "<group>";
		};
		6497390920937FA400B297B1 /* LaunchScreen.storyboard */ = {
			isa = PBXVariantGroup;
			children = (
				6497390A20937FA400B297B1 /* Base */,
			);
			name = LaunchScreen.storyboard;
			sourceTree = "<group>";
		};
/* End PBXVariantGroup section */

/* Begin XCBuildConfiguration section */
		6497390D20937FA400B297B1 /* Debug */ = {
			isa = XCBuildConfiguration;
			buildSettings = {
				ALWAYS_SEARCH_USER_PATHS = NO;
				CLANG_ANALYZER_NONNULL = YES;
				CLANG_ANALYZER_NUMBER_OBJECT_CONVERSION = YES_AGGRESSIVE;
				CLANG_CXX_LANGUAGE_STANDARD = "gnu++14";
				CLANG_CXX_LIBRARY = "libc++";
				CLANG_ENABLE_MODULES = YES;
				CLANG_ENABLE_OBJC_ARC = YES;
				CLANG_ENABLE_OBJC_WEAK = YES;
				CLANG_WARN_BLOCK_CAPTURE_AUTORELEASING = YES;
				CLANG_WARN_BOOL_CONVERSION = YES;
				CLANG_WARN_COMMA = YES;
				CLANG_WARN_CONSTANT_CONVERSION = YES;
				CLANG_WARN_DEPRECATED_OBJC_IMPLEMENTATIONS = YES;
				CLANG_WARN_DIRECT_OBJC_ISA_USAGE = YES_ERROR;
				CLANG_WARN_DOCUMENTATION_COMMENTS = YES;
				CLANG_WARN_EMPTY_BODY = YES;
				CLANG_WARN_ENUM_CONVERSION = YES;
				CLANG_WARN_INFINITE_RECURSION = YES;
				CLANG_WARN_INT_CONVERSION = YES;
				CLANG_WARN_NON_LITERAL_NULL_CONVERSION = YES;
				CLANG_WARN_OBJC_IMPLICIT_RETAIN_SELF = YES;
				CLANG_WARN_OBJC_LITERAL_CONVERSION = YES;
				CLANG_WARN_OBJC_ROOT_CLASS = YES_ERROR;
				CLANG_WARN_RANGE_LOOP_ANALYSIS = YES;
				CLANG_WARN_STRICT_PROTOTYPES = YES;
				CLANG_WARN_SUSPICIOUS_MOVE = YES;
				CLANG_WARN_UNGUARDED_AVAILABILITY = YES_AGGRESSIVE;
				CLANG_WARN_UNREACHABLE_CODE = YES;
				CLANG_WARN__DUPLICATE_METHOD_MATCH = YES;
				CODE_SIGN_IDENTITY = "iPhone Developer";
				COPY_PHASE_STRIP = NO;
				DEBUG_INFORMATION_FORMAT = dwarf;
				ENABLE_STRICT_OBJC_MSGSEND = YES;
				ENABLE_TESTABILITY = YES;
				GCC_C_LANGUAGE_STANDARD = gnu11;
				GCC_DYNAMIC_NO_PIC = NO;
				GCC_NO_COMMON_BLOCKS = YES;
				GCC_OPTIMIZATION_LEVEL = 0;
				GCC_PREPROCESSOR_DEFINITIONS = (
					"DEBUG=1",
					"$(inherited)",
				);
				GCC_WARN_64_TO_32_BIT_CONVERSION = YES;
				GCC_WARN_ABOUT_RETURN_TYPE = YES_ERROR;
				GCC_WARN_UNDECLARED_SELECTOR = YES;
				GCC_WARN_UNINITIALIZED_AUTOS = YES_AGGRESSIVE;
				GCC_WARN_UNUSED_FUNCTION = YES;
				GCC_WARN_UNUSED_VARIABLE = YES;
				IPHONEOS_DEPLOYMENT_TARGET = 11.3;
				MTL_ENABLE_DEBUG_INFO = YES;
				ONLY_ACTIVE_ARCH = YES;
				SDKROOT = iphoneos;
				SWIFT_ACTIVE_COMPILATION_CONDITIONS = DEBUG;
				SWIFT_OPTIMIZATION_LEVEL = "-Onone";
			};
			name = Debug;
		};
		6497390E20937FA400B297B1 /* Release */ = {
			isa = XCBuildConfiguration;
			buildSettings = {
				ALWAYS_SEARCH_USER_PATHS = NO;
				CLANG_ANALYZER_NONNULL = YES;
				CLANG_ANALYZER_NUMBER_OBJECT_CONVERSION = YES_AGGRESSIVE;
				CLANG_CXX_LANGUAGE_STANDARD = "gnu++14";
				CLANG_CXX_LIBRARY = "libc++";
				CLANG_ENABLE_MODULES = YES;
				CLANG_ENABLE_OBJC_ARC = YES;
				CLANG_ENABLE_OBJC_WEAK = YES;
				CLANG_WARN_BLOCK_CAPTURE_AUTORELEASING = YES;
				CLANG_WARN_BOOL_CONVERSION = YES;
				CLANG_WARN_COMMA = YES;
				CLANG_WARN_CONSTANT_CONVERSION = YES;
				CLANG_WARN_DEPRECATED_OBJC_IMPLEMENTATIONS = YES;
				CLANG_WARN_DIRECT_OBJC_ISA_USAGE = YES_ERROR;
				CLANG_WARN_DOCUMENTATION_COMMENTS = YES;
				CLANG_WARN_EMPTY_BODY = YES;
				CLANG_WARN_ENUM_CONVERSION = YES;
				CLANG_WARN_INFINITE_RECURSION = YES;
				CLANG_WARN_INT_CONVERSION = YES;
				CLANG_WARN_NON_LITERAL_NULL_CONVERSION = YES;
				CLANG_WARN_OBJC_IMPLICIT_RETAIN_SELF = YES;
				CLANG_WARN_OBJC_LITERAL_CONVERSION = YES;
				CLANG_WARN_OBJC_ROOT_CLASS = YES_ERROR;
				CLANG_WARN_RANGE_LOOP_ANALYSIS = YES;
				CLANG_WARN_STRICT_PROTOTYPES = YES;
				CLANG_WARN_SUSPICIOUS_MOVE = YES;
				CLANG_WARN_UNGUARDED_AVAILABILITY = YES_AGGRESSIVE;
				CLANG_WARN_UNREACHABLE_CODE = YES;
				CLANG_WARN__DUPLICATE_METHOD_MATCH = YES;
				CODE_SIGN_IDENTITY = "iPhone Developer";
				COPY_PHASE_STRIP = NO;
				DEBUG_INFORMATION_FORMAT = "dwarf-with-dsym";
				ENABLE_NS_ASSERTIONS = NO;
				ENABLE_STRICT_OBJC_MSGSEND = YES;
				GCC_C_LANGUAGE_STANDARD = gnu11;
				GCC_NO_COMMON_BLOCKS = YES;
				GCC_WARN_64_TO_32_BIT_CONVERSION = YES;
				GCC_WARN_ABOUT_RETURN_TYPE = YES_ERROR;
				GCC_WARN_UNDECLARED_SELECTOR = YES;
				GCC_WARN_UNINITIALIZED_AUTOS = YES_AGGRESSIVE;
				GCC_WARN_UNUSED_FUNCTION = YES;
				GCC_WARN_UNUSED_VARIABLE = YES;
				IPHONEOS_DEPLOYMENT_TARGET = 11.3;
				MTL_ENABLE_DEBUG_INFO = NO;
				SDKROOT = iphoneos;
				SWIFT_COMPILATION_MODE = wholemodule;
				SWIFT_OPTIMIZATION_LEVEL = "-O";
				VALIDATE_PRODUCT = YES;
			};
			name = Release;
		};
		6497391020937FA400B297B1 /* Debug */ = {
			isa = XCBuildConfiguration;
			baseConfigurationReference = 7AEF965FD6298FFB1D30B412 /* Pods-busyjeopardy.debug.xcconfig */;
			buildSettings = {
				ASSETCATALOG_COMPILER_APPICON_NAME = AppIcon;
				CODE_SIGN_STYLE = Automatic;
				DEVELOPMENT_TEAM = 3W3QAKTRFB;
				INFOPLIST_FILE = busyjeopardy/Info.plist;
				LD_RUNPATH_SEARCH_PATHS = (
					"$(inherited)",
					"@executable_path/Frameworks",
				);
				PRODUCT_BUNDLE_IDENTIFIER = busybusy.busyjeopardy;
				PRODUCT_NAME = "$(TARGET_NAME)";
				SWIFT_VERSION = 4.0;
				TARGETED_DEVICE_FAMILY = "1,2";
			};
			name = Debug;
		};
		6497391120937FA400B297B1 /* Release */ = {
			isa = XCBuildConfiguration;
			baseConfigurationReference = 0E760C4692EB82B1D0BB4C7E /* Pods-busyjeopardy.release.xcconfig */;
			buildSettings = {
				ASSETCATALOG_COMPILER_APPICON_NAME = AppIcon;
				CODE_SIGN_STYLE = Automatic;
				DEVELOPMENT_TEAM = 3W3QAKTRFB;
				INFOPLIST_FILE = busyjeopardy/Info.plist;
				LD_RUNPATH_SEARCH_PATHS = (
					"$(inherited)",
					"@executable_path/Frameworks",
				);
				PRODUCT_BUNDLE_IDENTIFIER = busybusy.busyjeopardy;
				PRODUCT_NAME = "$(TARGET_NAME)";
				SWIFT_VERSION = 4.0;
				TARGETED_DEVICE_FAMILY = "1,2";
			};
			name = Release;
		};
/* End XCBuildConfiguration section */

/* Begin XCConfigurationList section */
		649738F520937FA200B297B1 /* Build configuration list for PBXProject "busyjeopardy" */ = {
			isa = XCConfigurationList;
			buildConfigurations = (
				6497390D20937FA400B297B1 /* Debug */,
				6497390E20937FA400B297B1 /* Release */,
			);
			defaultConfigurationIsVisible = 0;
			defaultConfigurationName = Release;
		};
		6497390F20937FA400B297B1 /* Build configuration list for PBXNativeTarget "busyjeopardy" */ = {
			isa = XCConfigurationList;
			buildConfigurations = (
				6497391020937FA400B297B1 /* Debug */,
				6497391120937FA400B297B1 /* Release */,
			);
			defaultConfigurationIsVisible = 0;
			defaultConfigurationName = Release;
		};
/* End XCConfigurationList section */

/* Begin XCVersionGroup section */
		6497390420937FA300B297B1 /* busyjeopardy.xcdatamodeld */ = {
			isa = XCVersionGroup;
			children = (
				6497390520937FA300B297B1 /* busyjeopardy.xcdatamodel */,
			);
			currentVersion = 6497390520937FA300B297B1 /* busyjeopardy.xcdatamodel */;
			path = busyjeopardy.xcdatamodeld;
			sourceTree = "<group>";
			versionGroupType = wrapper.xcdatamodel;
		};
/* End XCVersionGroup section */
	};
	rootObject = 649738F220937FA200B297B1 /* Project object */;
}
